// !$*UTF8*$!
{
	archiveVersion = 1;
	classes = {
	};
	objectVersion = 56;
	objects = {

/* Begin PBXBuildFile section */
		40766AE02936BD1000DD4DF1 /* AppDelegate.swift in Sources */ = {isa = PBXBuildFile; fileRef = 40766ADF2936BD1000DD4DF1 /* AppDelegate.swift */; };
		40766AE22936BD1000DD4DF1 /* SceneDelegate.swift in Sources */ = {isa = PBXBuildFile; fileRef = 40766AE12936BD1000DD4DF1 /* SceneDelegate.swift */; };
		40766AE42936BD1000DD4DF1 /* MainTabBarViewController.swift in Sources */ = {isa = PBXBuildFile; fileRef = 40766AE32936BD1000DD4DF1 /* MainTabBarViewController.swift */; };
		40766AE92936BD1300DD4DF1 /* Assets.xcassets in Resources */ = {isa = PBXBuildFile; fileRef = 40766AE82936BD1300DD4DF1 /* Assets.xcassets */; };
		40766AEC2936BD1300DD4DF1 /* LaunchScreen.storyboard in Resources */ = {isa = PBXBuildFile; fileRef = 40766AEA2936BD1300DD4DF1 /* LaunchScreen.storyboard */; };
		40766AF52936C27B00DD4DF1 /* HomeViewController.swift in Sources */ = {isa = PBXBuildFile; fileRef = 40766AF42936C27B00DD4DF1 /* HomeViewController.swift */; };
		40766AF72936C31400DD4DF1 /* UpcomingViewController.swift in Sources */ = {isa = PBXBuildFile; fileRef = 40766AF62936C31400DD4DF1 /* UpcomingViewController.swift */; };
		40766AF92936C33800DD4DF1 /* SearchViewController.swift in Sources */ = {isa = PBXBuildFile; fileRef = 40766AF82936C33800DD4DF1 /* SearchViewController.swift */; };
		40766AFB2936C37C00DD4DF1 /* DownloadsViewController.swift in Sources */ = {isa = PBXBuildFile; fileRef = 40766AFA2936C37C00DD4DF1 /* DownloadsViewController.swift */; };
		40766B02293A28DF00DD4DF1 /* CollectionViewTableViewCell.swift in Sources */ = {isa = PBXBuildFile; fileRef = 40766B01293A28DF00DD4DF1 /* CollectionViewTableViewCell.swift */; };
		40766B05293F6F3000DD4DF1 /* HeroHeaderUIView.swift in Sources */ = {isa = PBXBuildFile; fileRef = 40766B04293F6F3000DD4DF1 /* HeroHeaderUIView.swift */; };
		40766B072948A75600DD4DF1 /* APICaller.swift in Sources */ = {isa = PBXBuildFile; fileRef = 40766B062948A75600DD4DF1 /* APICaller.swift */; };
		40766B09295092D200DD4DF1 /* Title.swift in Sources */ = {isa = PBXBuildFile; fileRef = 40766B08295092D200DD4DF1 /* Title.swift */; };
		40766B0B2951E0FB00DD4DF1 /* Extensions.swift in Sources */ = {isa = PBXBuildFile; fileRef = 40766B0A2951E0FB00DD4DF1 /* Extensions.swift */; };
		40766B1529537DC700DD4DF1 /* TitleCollectionViewCell.swift in Sources */ = {isa = PBXBuildFile; fileRef = 40766B1429537DC700DD4DF1 /* TitleCollectionViewCell.swift */; };
		40766B182954CBAF00DD4DF1 /* SDWebImage in Frameworks */ = {isa = PBXBuildFile; productRef = 40766B172954CBAF00DD4DF1 /* SDWebImage */; };
		40766B1A2954CBAF00DD4DF1 /* SDWebImageMapKit in Frameworks */ = {isa = PBXBuildFile; productRef = 40766B192954CBAF00DD4DF1 /* SDWebImageMapKit */; };
		40766B1C295CB6F200DD4DF1 /* TitleTableViewCell.swift in Sources */ = {isa = PBXBuildFile; fileRef = 40766B1B295CB6F200DD4DF1 /* TitleTableViewCell.swift */; };
		408C9919295F76B800396FE4 /* TitleViewModel.swift in Sources */ = {isa = PBXBuildFile; fileRef = 408C9918295F76B800396FE4 /* TitleViewModel.swift */; };
		408C991D2968F6EA00396FE4 /* SearchResultsViewController.swift in Sources */ = {isa = PBXBuildFile; fileRef = 408C991C2968F6EA00396FE4 /* SearchResultsViewController.swift */; };
		408C9921296DD98D00396FE4 /* YoutubeSearchResponse.swift in Sources */ = {isa = PBXBuildFile; fileRef = 408C9920296DD98D00396FE4 /* YoutubeSearchResponse.swift */; };
		408C9923296EE7BB00396FE4 /* TitlePreviewViewController.swift in Sources */ = {isa = PBXBuildFile; fileRef = 408C9922296EE7BB00396FE4 /* TitlePreviewViewController.swift */; };
		408C9925297030CB00396FE4 /* TitlePreviewViewModel.swift in Sources */ = {isa = PBXBuildFile; fileRef = 408C9924297030CB00396FE4 /* TitlePreviewViewModel.swift */; };
/* End PBXBuildFile section */

/* Begin PBXFileReference section */
		40766ADC2936BD1000DD4DF1 /* Netflix Clone.app */ = {isa = PBXFileReference; explicitFileType = wrapper.application; includeInIndex = 0; path = "Netflix Clone.app"; sourceTree = BUILT_PRODUCTS_DIR; };
		40766ADF2936BD1000DD4DF1 /* AppDelegate.swift */ = {isa = PBXFileReference; lastKnownFileType = sourcecode.swift; path = AppDelegate.swift; sourceTree = "<group>"; };
		40766AE12936BD1000DD4DF1 /* SceneDelegate.swift */ = {isa = PBXFileReference; lastKnownFileType = sourcecode.swift; path = SceneDelegate.swift; sourceTree = "<group>"; };
		40766AE32936BD1000DD4DF1 /* MainTabBarViewController.swift */ = {isa = PBXFileReference; lastKnownFileType = sourcecode.swift; path = MainTabBarViewController.swift; sourceTree = "<group>"; };
		40766AE82936BD1300DD4DF1 /* Assets.xcassets */ = {isa = PBXFileReference; lastKnownFileType = folder.assetcatalog; path = Assets.xcassets; sourceTree = "<group>"; };
		40766AEB2936BD1300DD4DF1 /* Base */ = {isa = PBXFileReference; lastKnownFileType = file.storyboard; name = Base; path = Base.lproj/LaunchScreen.storyboard; sourceTree = "<group>"; };
		40766AED2936BD1300DD4DF1 /* Info.plist */ = {isa = PBXFileReference; lastKnownFileType = text.plist.xml; path = Info.plist; sourceTree = "<group>"; };
		40766AF42936C27B00DD4DF1 /* HomeViewController.swift */ = {isa = PBXFileReference; lastKnownFileType = sourcecode.swift; path = HomeViewController.swift; sourceTree = "<group>"; };
		40766AF62936C31400DD4DF1 /* UpcomingViewController.swift */ = {isa = PBXFileReference; lastKnownFileType = sourcecode.swift; path = UpcomingViewController.swift; sourceTree = "<group>"; };
		40766AF82936C33800DD4DF1 /* SearchViewController.swift */ = {isa = PBXFileReference; lastKnownFileType = sourcecode.swift; path = SearchViewController.swift; sourceTree = "<group>"; };
		40766AFA2936C37C00DD4DF1 /* DownloadsViewController.swift */ = {isa = PBXFileReference; lastKnownFileType = sourcecode.swift; path = DownloadsViewController.swift; sourceTree = "<group>"; };
		40766B01293A28DF00DD4DF1 /* CollectionViewTableViewCell.swift */ = {isa = PBXFileReference; lastKnownFileType = sourcecode.swift; path = CollectionViewTableViewCell.swift; sourceTree = "<group>"; };
		40766B04293F6F3000DD4DF1 /* HeroHeaderUIView.swift */ = {isa = PBXFileReference; lastKnownFileType = sourcecode.swift; path = HeroHeaderUIView.swift; sourceTree = "<group>"; };
		40766B062948A75600DD4DF1 /* APICaller.swift */ = {isa = PBXFileReference; lastKnownFileType = sourcecode.swift; path = APICaller.swift; sourceTree = "<group>"; };
		40766B08295092D200DD4DF1 /* Title.swift */ = {isa = PBXFileReference; lastKnownFileType = sourcecode.swift; path = Title.swift; sourceTree = "<group>"; };
		40766B0A2951E0FB00DD4DF1 /* Extensions.swift */ = {isa = PBXFileReference; lastKnownFileType = sourcecode.swift; path = Extensions.swift; sourceTree = "<group>"; };
		40766B1429537DC700DD4DF1 /* TitleCollectionViewCell.swift */ = {isa = PBXFileReference; lastKnownFileType = sourcecode.swift; path = TitleCollectionViewCell.swift; sourceTree = "<group>"; };
		40766B1B295CB6F200DD4DF1 /* TitleTableViewCell.swift */ = {isa = PBXFileReference; lastKnownFileType = sourcecode.swift; path = TitleTableViewCell.swift; sourceTree = "<group>"; };
		408C9918295F76B800396FE4 /* TitleViewModel.swift */ = {isa = PBXFileReference; lastKnownFileType = sourcecode.swift; path = TitleViewModel.swift; sourceTree = "<group>"; };
		408C991C2968F6EA00396FE4 /* SearchResultsViewController.swift */ = {isa = PBXFileReference; lastKnownFileType = sourcecode.swift; path = SearchResultsViewController.swift; sourceTree = "<group>"; };
		408C9920296DD98D00396FE4 /* YoutubeSearchResponse.swift */ = {isa = PBXFileReference; lastKnownFileType = sourcecode.swift; path = YoutubeSearchResponse.swift; sourceTree = "<group>"; };
		408C9922296EE7BB00396FE4 /* TitlePreviewViewController.swift */ = {isa = PBXFileReference; lastKnownFileType = sourcecode.swift; path = TitlePreviewViewController.swift; sourceTree = "<group>"; };
		408C9924297030CB00396FE4 /* TitlePreviewViewModel.swift */ = {isa = PBXFileReference; lastKnownFileType = sourcecode.swift; path = TitlePreviewViewModel.swift; sourceTree = "<group>"; };
/* End PBXFileReference section */

/* Begin PBXFrameworksBuildPhase section */
		40766AD92936BD1000DD4DF1 /* Frameworks */ = {
			isa = PBXFrameworksBuildPhase;
			buildActionMask = 2147483647;
			files = (
				40766B1A2954CBAF00DD4DF1 /* SDWebImageMapKit in Frameworks */,
				40766B182954CBAF00DD4DF1 /* SDWebImage in Frameworks */,
			);
			runOnlyForDeploymentPostprocessing = 0;
		};
/* End PBXFrameworksBuildPhase section */

/* Begin PBXGroup section */
		40766AD32936BD1000DD4DF1 = {
			isa = PBXGroup;
			children = (
				40766ADE2936BD1000DD4DF1 /* Netflix Clone */,
				40766ADD2936BD1000DD4DF1 /* Products */,
			);
			sourceTree = "<group>";
		};
		40766ADD2936BD1000DD4DF1 /* Products */ = {
			isa = PBXGroup;
			children = (
				40766ADC2936BD1000DD4DF1 /* Netflix Clone.app */,
			);
			name = Products;
			sourceTree = "<group>";
		};
		40766ADE2936BD1000DD4DF1 /* Netflix Clone */ = {
			isa = PBXGroup;
			children = (
				40766B00293A289500DD4DF1 /* Managers */,
				40766AFF293A288F00DD4DF1 /* Resources */,
				40766AFE293A27A100DD4DF1 /* Models */,
				40766AFC293A278000DD4DF1 /* Views */,
				40766AFD293A278B00DD4DF1 /* ViewModels */,
				40766AF32936C24500DD4DF1 /* Controllers */,
				40766ADF2936BD1000DD4DF1 /* AppDelegate.swift */,
				40766AE12936BD1000DD4DF1 /* SceneDelegate.swift */,
				40766AE82936BD1300DD4DF1 /* Assets.xcassets */,
				40766AEA2936BD1300DD4DF1 /* LaunchScreen.storyboard */,
				40766AED2936BD1300DD4DF1 /* Info.plist */,
			);
			path = "Netflix Clone";
			sourceTree = "<group>";
		};
		40766AF32936C24500DD4DF1 /* Controllers */ = {
			isa = PBXGroup;
			children = (
				408C991F2968F7AC00396FE4 /* General */,
				408C991E2968F77100396FE4 /* Core */,
			);
			path = Controllers;
			sourceTree = "<group>";
		};
		40766AFC293A278000DD4DF1 /* Views */ = {
			isa = PBXGroup;
			children = (
				40766B01293A28DF00DD4DF1 /* CollectionViewTableViewCell.swift */,
				40766B04293F6F3000DD4DF1 /* HeroHeaderUIView.swift */,
				40766B1429537DC700DD4DF1 /* TitleCollectionViewCell.swift */,
				40766B1B295CB6F200DD4DF1 /* TitleTableViewCell.swift */,
			);
			path = Views;
			sourceTree = "<group>";
		};
		40766AFD293A278B00DD4DF1 /* ViewModels */ = {
			isa = PBXGroup;
			children = (
				408C9918295F76B800396FE4 /* TitleViewModel.swift */,
				408C9924297030CB00396FE4 /* TitlePreviewViewModel.swift */,
			);
			path = ViewModels;
			sourceTree = "<group>";
		};
		40766AFE293A27A100DD4DF1 /* Models */ = {
			isa = PBXGroup;
			children = (
				40766B08295092D200DD4DF1 /* Title.swift */,
				408C9920296DD98D00396FE4 /* YoutubeSearchResponse.swift */,
			);
			path = Models;
			sourceTree = "<group>";
		};
		40766AFF293A288F00DD4DF1 /* Resources */ = {
			isa = PBXGroup;
			children = (
				40766B0A2951E0FB00DD4DF1 /* Extensions.swift */,
			);
			path = Resources;
			sourceTree = "<group>";
		};
		40766B00293A289500DD4DF1 /* Managers */ = {
			isa = PBXGroup;
			children = (
				40766B062948A75600DD4DF1 /* APICaller.swift */,
			);
			path = Managers;
			sourceTree = "<group>";
		};
		408C991E2968F77100396FE4 /* Core */ = {
			isa = PBXGroup;
			children = (
				40766AF42936C27B00DD4DF1 /* HomeViewController.swift */,
				40766AF62936C31400DD4DF1 /* UpcomingViewController.swift */,
				40766AF82936C33800DD4DF1 /* SearchViewController.swift */,
				40766AFA2936C37C00DD4DF1 /* DownloadsViewController.swift */,
				40766AE32936BD1000DD4DF1 /* MainTabBarViewController.swift */,
			);
			path = Core;
			sourceTree = "<group>";
		};
		408C991F2968F7AC00396FE4 /* General */ = {
			isa = PBXGroup;
			children = (
				408C991C2968F6EA00396FE4 /* SearchResultsViewController.swift */,
				408C9922296EE7BB00396FE4 /* TitlePreviewViewController.swift */,
			);
			path = General;
			sourceTree = "<group>";
		};
/* End PBXGroup section */

/* Begin PBXNativeTarget section */
		40766ADB2936BD1000DD4DF1 /* Netflix Clone */ = {
			isa = PBXNativeTarget;
			buildConfigurationList = 40766AF02936BD1300DD4DF1 /* Build configuration list for PBXNativeTarget "Netflix Clone" */;
			buildPhases = (
				40766AD82936BD1000DD4DF1 /* Sources */,
				40766AD92936BD1000DD4DF1 /* Frameworks */,
				40766ADA2936BD1000DD4DF1 /* Resources */,
			);
			buildRules = (
			);
			dependencies = (
			);
			name = "Netflix Clone";
			packageProductDependencies = (
				40766B172954CBAF00DD4DF1 /* SDWebImage */,
				40766B192954CBAF00DD4DF1 /* SDWebImageMapKit */,
			);
			productName = "Netflix Clone";
			productReference = 40766ADC2936BD1000DD4DF1 /* Netflix Clone.app */;
			productType = "com.apple.product-type.application";
		};
/* End PBXNativeTarget section */

/* Begin PBXProject section */
		40766AD42936BD1000DD4DF1 /* Project object */ = {
			isa = PBXProject;
			attributes = {
				BuildIndependentTargetsInParallel = 1;
				LastSwiftUpdateCheck = 1400;
				LastUpgradeCheck = 1400;
				TargetAttributes = {
					40766ADB2936BD1000DD4DF1 = {
						CreatedOnToolsVersion = 14.0.1;
					};
				};
			};
			buildConfigurationList = 40766AD72936BD1000DD4DF1 /* Build configuration list for PBXProject "Netflix Clone" */;
			compatibilityVersion = "Xcode 14.0";
			developmentRegion = en;
			hasScannedForEncodings = 0;
			knownRegions = (
				en,
				Base,
			);
			mainGroup = 40766AD32936BD1000DD4DF1;
			packageReferences = (
				40766B162954CBAF00DD4DF1 /* XCRemoteSwiftPackageReference "SDWebImage" */,
			);
			productRefGroup = 40766ADD2936BD1000DD4DF1 /* Products */;
			projectDirPath = "";
			projectRoot = "";
			targets = (
				40766ADB2936BD1000DD4DF1 /* Netflix Clone */,
			);
		};
/* End PBXProject section */

/* Begin PBXResourcesBuildPhase section */
		40766ADA2936BD1000DD4DF1 /* Resources */ = {
			isa = PBXResourcesBuildPhase;
			buildActionMask = 2147483647;
			files = (
				40766AEC2936BD1300DD4DF1 /* LaunchScreen.storyboard in Resources */,
				40766AE92936BD1300DD4DF1 /* Assets.xcassets in Resources */,
			);
			runOnlyForDeploymentPostprocessing = 0;
		};
/* End PBXResourcesBuildPhase section */

/* Begin PBXSourcesBuildPhase section */
		40766AD82936BD1000DD4DF1 /* Sources */ = {
			isa = PBXSourcesBuildPhase;
			buildActionMask = 2147483647;
			files = (
				40766B1C295CB6F200DD4DF1 /* TitleTableViewCell.swift in Sources */,
				40766AF92936C33800DD4DF1 /* SearchViewController.swift in Sources */,
				40766B1529537DC700DD4DF1 /* TitleCollectionViewCell.swift in Sources */,
				40766AE42936BD1000DD4DF1 /* MainTabBarViewController.swift in Sources */,
				40766B02293A28DF00DD4DF1 /* CollectionViewTableViewCell.swift in Sources */,
				40766B072948A75600DD4DF1 /* APICaller.swift in Sources */,
				40766B05293F6F3000DD4DF1 /* HeroHeaderUIView.swift in Sources */,
				40766AFB2936C37C00DD4DF1 /* DownloadsViewController.swift in Sources */,
				40766AE02936BD1000DD4DF1 /* AppDelegate.swift in Sources */,
				408C991D2968F6EA00396FE4 /* SearchResultsViewController.swift in Sources */,
				40766B0B2951E0FB00DD4DF1 /* Extensions.swift in Sources */,
				408C9921296DD98D00396FE4 /* YoutubeSearchResponse.swift in Sources */,
				40766AE22936BD1000DD4DF1 /* SceneDelegate.swift in Sources */,
				408C9925297030CB00396FE4 /* TitlePreviewViewModel.swift in Sources */,
				40766AF72936C31400DD4DF1 /* UpcomingViewController.swift in Sources */,
				408C9923296EE7BB00396FE4 /* TitlePreviewViewController.swift in Sources */,
				40766B09295092D200DD4DF1 /* Title.swift in Sources */,
				40766AF52936C27B00DD4DF1 /* HomeViewController.swift in Sources */,
				408C9919295F76B800396FE4 /* TitleViewModel.swift in Sources */,
			);
			runOnlyForDeploymentPostprocessing = 0;
		};
/* End PBXSourcesBuildPhase section */

/* Begin PBXVariantGroup section */
		40766AEA2936BD1300DD4DF1 /* LaunchScreen.storyboard */ = {
			isa = PBXVariantGroup;
			children = (
				40766AEB2936BD1300DD4DF1 /* Base */,
			);
			name = LaunchScreen.storyboard;
			sourceTree = "<group>";
		};
/* End PBXVariantGroup section */

/* Begin XCBuildConfiguration section */
		40766AEE2936BD1300DD4DF1 /* Debug */ = {
			isa = XCBuildConfiguration;
			buildSettings = {
				ALWAYS_SEARCH_USER_PATHS = NO;
				CLANG_ANALYZER_NONNULL = YES;
				CLANG_ANALYZER_NUMBER_OBJECT_CONVERSION = YES_AGGRESSIVE;
				CLANG_CXX_LANGUAGE_STANDARD = "gnu++20";
				CLANG_ENABLE_MODULES = YES;
				CLANG_ENABLE_OBJC_ARC = YES;
				CLANG_ENABLE_OBJC_WEAK = YES;
				CLANG_WARN_BLOCK_CAPTURE_AUTORELEASING = YES;
				CLANG_WARN_BOOL_CONVERSION = YES;
				CLANG_WARN_COMMA = YES;
				CLANG_WARN_CONSTANT_CONVERSION = YES;
				CLANG_WARN_DEPRECATED_OBJC_IMPLEMENTATIONS = YES;
				CLANG_WARN_DIRECT_OBJC_ISA_USAGE = YES_ERROR;
				CLANG_WARN_DOCUMENTATION_COMMENTS = YES;
				CLANG_WARN_EMPTY_BODY = YES;
				CLANG_WARN_ENUM_CONVERSION = YES;
				CLANG_WARN_INFINITE_RECURSION = YES;
				CLANG_WARN_INT_CONVERSION = YES;
				CLANG_WARN_NON_LITERAL_NULL_CONVERSION = YES;
				CLANG_WARN_OBJC_IMPLICIT_RETAIN_SELF = YES;
				CLANG_WARN_OBJC_LITERAL_CONVERSION = YES;
				CLANG_WARN_OBJC_ROOT_CLASS = YES_ERROR;
				CLANG_WARN_QUOTED_INCLUDE_IN_FRAMEWORK_HEADER = YES;
				CLANG_WARN_RANGE_LOOP_ANALYSIS = YES;
				CLANG_WARN_STRICT_PROTOTYPES = YES;
				CLANG_WARN_SUSPICIOUS_MOVE = YES;
				CLANG_WARN_UNGUARDED_AVAILABILITY = YES_AGGRESSIVE;
				CLANG_WARN_UNREACHABLE_CODE = YES;
				CLANG_WARN__DUPLICATE_METHOD_MATCH = YES;
				COPY_PHASE_STRIP = NO;
				DEBUG_INFORMATION_FORMAT = dwarf;
				ENABLE_STRICT_OBJC_MSGSEND = YES;
				ENABLE_TESTABILITY = YES;
				GCC_C_LANGUAGE_STANDARD = gnu11;
				GCC_DYNAMIC_NO_PIC = NO;
				GCC_NO_COMMON_BLOCKS = YES;
				GCC_OPTIMIZATION_LEVEL = 0;
				GCC_PREPROCESSOR_DEFINITIONS = (
					"DEBUG=1",
					"$(inherited)",
				);
				GCC_WARN_64_TO_32_BIT_CONVERSION = YES;
				GCC_WARN_ABOUT_RETURN_TYPE = YES_ERROR;
				GCC_WARN_UNDECLARED_SELECTOR = YES;
				GCC_WARN_UNINITIALIZED_AUTOS = YES_AGGRESSIVE;
				GCC_WARN_UNUSED_FUNCTION = YES;
				GCC_WARN_UNUSED_VARIABLE = YES;
				IPHONEOS_DEPLOYMENT_TARGET = 16.0;
				MTL_ENABLE_DEBUG_INFO = INCLUDE_SOURCE;
				MTL_FAST_MATH = YES;
				ONLY_ACTIVE_ARCH = YES;
				SDKROOT = iphoneos;
				SWIFT_ACTIVE_COMPILATION_CONDITIONS = DEBUG;
				SWIFT_OPTIMIZATION_LEVEL = "-Onone";
			};
			name = Debug;
		};
		40766AEF2936BD1300DD4DF1 /* Release */ = {
			isa = XCBuildConfiguration;
			buildSettings = {
				ALWAYS_SEARCH_USER_PATHS = NO;
				CLANG_ANALYZER_NONNULL = YES;
				CLANG_ANALYZER_NUMBER_OBJECT_CONVERSION = YES_AGGRESSIVE;
				CLANG_CXX_LANGUAGE_STANDARD = "gnu++20";
				CLANG_ENABLE_MODULES = YES;
				CLANG_ENABLE_OBJC_ARC = YES;
				CLANG_ENABLE_OBJC_WEAK = YES;
				CLANG_WARN_BLOCK_CAPTURE_AUTORELEASING = YES;
				CLANG_WARN_BOOL_CONVERSION = YES;
				CLANG_WARN_COMMA = YES;
				CLANG_WARN_CONSTANT_CONVERSION = YES;
				CLANG_WARN_DEPRECATED_OBJC_IMPLEMENTATIONS = YES;
				CLANG_WARN_DIRECT_OBJC_ISA_USAGE = YES_ERROR;
				CLANG_WARN_DOCUMENTATION_COMMENTS = YES;
				CLANG_WARN_EMPTY_BODY = YES;
				CLANG_WARN_ENUM_CONVERSION = YES;
				CLANG_WARN_INFINITE_RECURSION = YES;
				CLANG_WARN_INT_CONVERSION = YES;
				CLANG_WARN_NON_LITERAL_NULL_CONVERSION = YES;
				CLANG_WARN_OBJC_IMPLICIT_RETAIN_SELF = YES;
				CLANG_WARN_OBJC_LITERAL_CONVERSION = YES;
				CLANG_WARN_OBJC_ROOT_CLASS = YES_ERROR;
				CLANG_WARN_QUOTED_INCLUDE_IN_FRAMEWORK_HEADER = YES;
				CLANG_WARN_RANGE_LOOP_ANALYSIS = YES;
				CLANG_WARN_STRICT_PROTOTYPES = YES;
				CLANG_WARN_SUSPICIOUS_MOVE = YES;
				CLANG_WARN_UNGUARDED_AVAILABILITY = YES_AGGRESSIVE;
				CLANG_WARN_UNREACHABLE_CODE = YES;
				CLANG_WARN__DUPLICATE_METHOD_MATCH = YES;
				COPY_PHASE_STRIP = NO;
				DEBUG_INFORMATION_FORMAT = "dwarf-with-dsym";
				ENABLE_NS_ASSERTIONS = NO;
				ENABLE_STRICT_OBJC_MSGSEND = YES;
				GCC_C_LANGUAGE_STANDARD = gnu11;
				GCC_NO_COMMON_BLOCKS = YES;
				GCC_WARN_64_TO_32_BIT_CONVERSION = YES;
				GCC_WARN_ABOUT_RETURN_TYPE = YES_ERROR;
				GCC_WARN_UNDECLARED_SELECTOR = YES;
				GCC_WARN_UNINITIALIZED_AUTOS = YES_AGGRESSIVE;
				GCC_WARN_UNUSED_FUNCTION = YES;
				GCC_WARN_UNUSED_VARIABLE = YES;
				IPHONEOS_DEPLOYMENT_TARGET = 16.0;
				MTL_ENABLE_DEBUG_INFO = NO;
				MTL_FAST_MATH = YES;
				SDKROOT = iphoneos;
				SWIFT_COMPILATION_MODE = wholemodule;
				SWIFT_OPTIMIZATION_LEVEL = "-O";
				VALIDATE_PRODUCT = YES;
			};
			name = Release;
		};
		40766AF12936BD1300DD4DF1 /* Debug */ = {
			isa = XCBuildConfiguration;
			buildSettings = {
				ASSETCATALOG_COMPILER_APPICON_NAME = AppIcon;
				ASSETCATALOG_COMPILER_GLOBAL_ACCENT_COLOR_NAME = AccentColor;
				CODE_SIGN_STYLE = Automatic;
				CURRENT_PROJECT_VERSION = 1;
				DEVELOPMENT_TEAM = M9MT23QW7V;
				GENERATE_INFOPLIST_FILE = YES;
				INFOPLIST_FILE = "Netflix Clone/Info.plist";
				INFOPLIST_KEY_UIApplicationSupportsIndirectInputEvents = YES;
				INFOPLIST_KEY_UILaunchStoryboardName = LaunchScreen;
				INFOPLIST_KEY_UISupportedInterfaceOrientations_iPad = "UIInterfaceOrientationPortrait UIInterfaceOrientationPortraitUpsideDown UIInterfaceOrientationLandscapeLeft UIInterfaceOrientationLandscapeRight";
				INFOPLIST_KEY_UISupportedInterfaceOrientations_iPhone = "UIInterfaceOrientationPortrait UIInterfaceOrientationLandscapeLeft UIInterfaceOrientationLandscapeRight";
				LD_RUNPATH_SEARCH_PATHS = (
					"$(inherited)",
					"@executable_path/Frameworks",
				);
				MARKETING_VERSION = 1.0;
				PRODUCT_BUNDLE_IDENTIFIER = "noahpope.Netflix-Clone";
				PRODUCT_NAME = "$(TARGET_NAME)";
				SWIFT_EMIT_LOC_STRINGS = YES;
				SWIFT_VERSION = 5.0;
				TARGETED_DEVICE_FAMILY = "1,2";
			};
			name = Debug;
		};
		40766AF22936BD1300DD4DF1 /* Release */ = {
			isa = XCBuildConfiguration;
			buildSettings = {
				ASSETCATALOG_COMPILER_APPICON_NAME = AppIcon;
				ASSETCATALOG_COMPILER_GLOBAL_ACCENT_COLOR_NAME = AccentColor;
				CODE_SIGN_STYLE = Automatic;
				CURRENT_PROJECT_VERSION = 1;
				DEVELOPMENT_TEAM = M9MT23QW7V;
				GENERATE_INFOPLIST_FILE = YES;
				INFOPLIST_FILE = "Netflix Clone/Info.plist";
				INFOPLIST_KEY_UIApplicationSupportsIndirectInputEvents = YES;
				INFOPLIST_KEY_UILaunchStoryboardName = LaunchScreen;
				INFOPLIST_KEY_UISupportedInterfaceOrientations_iPad = "UIInterfaceOrientationPortrait UIInterfaceOrientationPortraitUpsideDown UIInterfaceOrientationLandscapeLeft UIInterfaceOrientationLandscapeRight";
				INFOPLIST_KEY_UISupportedInterfaceOrientations_iPhone = "UIInterfaceOrientationPortrait UIInterfaceOrientationLandscapeLeft UIInterfaceOrientationLandscapeRight";
				LD_RUNPATH_SEARCH_PATHS = (
					"$(inherited)",
					"@executable_path/Frameworks",
				);
				MARKETING_VERSION = 1.0;
				PRODUCT_BUNDLE_IDENTIFIER = "noahpope.Netflix-Clone";
				PRODUCT_NAME = "$(TARGET_NAME)";
				SWIFT_EMIT_LOC_STRINGS = YES;
				SWIFT_VERSION = 5.0;
				TARGETED_DEVICE_FAMILY = "1,2";
			};
			name = Release;
		};
/* End XCBuildConfiguration section */

/* Begin XCConfigurationList section */
		40766AD72936BD1000DD4DF1 /* Build configuration list for PBXProject "Netflix Clone" */ = {
			isa = XCConfigurationList;
			buildConfigurations = (
				40766AEE2936BD1300DD4DF1 /* Debug */,
				40766AEF2936BD1300DD4DF1 /* Release */,
			);
			defaultConfigurationIsVisible = 0;
			defaultConfigurationName = Release;
		};
		40766AF02936BD1300DD4DF1 /* Build configuration list for PBXNativeTarget "Netflix Clone" */ = {
			isa = XCConfigurationList;
			buildConfigurations = (
				40766AF12936BD1300DD4DF1 /* Debug */,
				40766AF22936BD1300DD4DF1 /* Release */,
			);
			defaultConfigurationIsVisible = 0;
			defaultConfigurationName = Release;
		};
/* End XCConfigurationList section */

/* Begin XCRemoteSwiftPackageReference section */
		40766B162954CBAF00DD4DF1 /* XCRemoteSwiftPackageReference "SDWebImage" */ = {
			isa = XCRemoteSwiftPackageReference;
			repositoryURL = "https://github.com/SDWebImage/SDWebImage.git";
			requirement = {
				branch = master;
				kind = branch;
			};
		};
/* End XCRemoteSwiftPackageReference section */

/* Begin XCSwiftPackageProductDependency section */
		40766B172954CBAF00DD4DF1 /* SDWebImage */ = {
			isa = XCSwiftPackageProductDependency;
			package = 40766B162954CBAF00DD4DF1 /* XCRemoteSwiftPackageReference "SDWebImage" */;
			productName = SDWebImage;
		};
		40766B192954CBAF00DD4DF1 /* SDWebImageMapKit */ = {
			isa = XCSwiftPackageProductDependency;
			package = 40766B162954CBAF00DD4DF1 /* XCRemoteSwiftPackageReference "SDWebImage" */;
			productName = SDWebImageMapKit;
		};
/* End XCSwiftPackageProductDependency section */
	};
	rootObject = 40766AD42936BD1000DD4DF1 /* Project object */;
}
